
Microsoft Visual Studio Solution File, Format Version 12.00
# Visual Studio Version 17
VisualStudioVersion = 17.7.34031.279
MinimumVisualStudioVersion = 10.0.40219.1
Project("{9A19103F-16F7-4668-BE54-9A1E7A4F7556}") = "Hamburgerci.UI", "Hamburgerci.UI\Hamburgerci.UI.csproj", "{DBA889C5-14D5-4354-848D-A2F42FF1C908}"
EndProject
Project("{FAE04EC0-301F-11D3-BF4B-00C04F79EFBC}") = "Hamburgerci.Domain", "Hamburgerci.Domain\Hamburgerci.Domain.csproj", "{CEFBB2B3-4B0C-4CEC-ADF8-52FEBFF71A9D}"
EndProject
Project("{FAE04EC0-301F-11D3-BF4B-00C04F79EFBC}") = "Hamburgerci.Infrastructure", "Hamburgerci.Infrastructure\Hamburgerci.Infrastructure.csproj", "{5EC78450-73E8-424C-B6AB-B75F6CEB7242}"
EndProject
Project("{FAE04EC0-301F-11D3-BF4B-00C04F79EFBC}") = "Hamburgerci.Application", "Hamburgerci.Application\Hamburgerci.Application.csproj", "{E81696AA-0159-4556-ABFE-E7A17937063A}"
EndProject
Global
	GlobalSection(SolutionConfigurationPlatforms) = preSolution
		Debug|Any CPU = Debug|Any CPU
		Release|Any CPU = Release|Any CPU
	EndGlobalSection
	GlobalSection(ProjectConfigurationPlatforms) = postSolution
		{DBA889C5-14D5-4354-848D-A2F42FF1C908}.Debug|Any CPU.ActiveCfg = Debug|Any CPU
		{DBA889C5-14D5-4354-848D-A2F42FF1C908}.Debug|Any CPU.Build.0 = Debug|Any CPU
		{DBA889C5-14D5-4354-848D-A2F42FF1C908}.Release|Any CPU.ActiveCfg = Release|Any CPU
		{DBA889C5-14D5-4354-848D-A2F42FF1C908}.Release|Any CPU.Build.0 = Release|Any CPU
		{CEFBB2B3-4B0C-4CEC-ADF8-52FEBFF71A9D}.Debug|Any CPU.ActiveCfg = Debug|Any CPU
		{CEFBB2B3-4B0C-4CEC-ADF8-52FEBFF71A9D}.Debug|Any CPU.Build.0 = Debug|Any CPU
		{CEFBB2B3-4B0C-4CEC-ADF8-52FEBFF71A9D}.Release|Any CPU.ActiveCfg = Release|Any CPU
		{CEFBB2B3-4B0C-4CEC-ADF8-52FEBFF71A9D}.Release|Any CPU.Build.0 = Release|Any CPU
		{5EC78450-73E8-424C-B6AB-B75F6CEB7242}.Debug|Any CPU.ActiveCfg = Debug|Any CPU
		{5EC78450-73E8-424C-B6AB-B75F6CEB7242}.Debug|Any CPU.Build.0 = Debug|Any CPU
		{5EC78450-73E8-424C-B6AB-B75F6CEB7242}.Release|Any CPU.ActiveCfg = Release|Any CPU
		{5EC78450-73E8-424C-B6AB-B75F6CEB7242}.Release|Any CPU.Build.0 = Release|Any CPU
		{E81696AA-0159-4556-ABFE-E7A17937063A}.Debug|Any CPU.ActiveCfg = Debug|Any CPU
		{E81696AA-0159-4556-ABFE-E7A17937063A}.Debug|Any CPU.Build.0 = Debug|Any CPU
		{E81696AA-0159-4556-ABFE-E7A17937063A}.Release|Any CPU.ActiveCfg = Release|Any CPU
		{E81696AA-0159-4556-ABFE-E7A17937063A}.Release|Any CPU.Build.0 = Release|Any CPU
	EndGlobalSection
	GlobalSection(SolutionProperties) = preSolution
		HideSolutionNode = FALSE
	EndGlobalSection
	GlobalSection(ExtensibilityGlobals) = postSolution
		SolutionGuid = {D7AAEFD3-54B9-49D7-ADEF-2A85CDF00A2D}
	EndGlobalSection
EndGlobal
